{
    "_readme": [
        "This file locks the dependencies of your project to a known state",
        "Read more about it at https://getcomposer.org/doc/01-basic-usage.md#installing-dependencies",
        "This file is @generated automatically"
    ],
    "content-hash": "cb24a5b958e1c365c5f7bce6a95f2983",
    "packages": [
        {
            "name": "google/recaptcha",
            "version": "1.2.4",
            "source": {
                "type": "git",
                "url": "https://github.com/google/recaptcha.git",
                "reference": "614f25a9038be4f3f2da7cbfd778dc5b357d2419"
            },
            "dist": {
                "type": "zip",
                "url": "https://api.github.com/repos/google/recaptcha/zipball/614f25a9038be4f3f2da7cbfd778dc5b357d2419",
                "reference": "614f25a9038be4f3f2da7cbfd778dc5b357d2419",
                "shasum": ""
            },
            "require": {
                "php": ">=5.5"
            },
            "require-dev": {
                "friendsofphp/php-cs-fixer": "^2.2.20|^2.15",
                "php-coveralls/php-coveralls": "^2.1",
                "phpunit/phpunit": "^4.8.36|^5.7.27|^6.59|^7.5.11"
            },
            "type": "library",
            "extra": {
                "branch-alias": {
                    "dev-master": "1.2.x-dev"
                }
            },
            "autoload": {
                "psr-4": {
                    "ReCaptcha\\": "src/ReCaptcha"
                }
            },
            "notification-url": "https://packagist.org/downloads/",
            "license": [
                "BSD-3-Clause"
            ],
            "description": "Client library for reCAPTCHA, a free service that protects websites from spam and abuse.",
            "homepage": "https://www.google.com/recaptcha/",
            "keywords": [
                "Abuse",
                "captcha",
                "recaptcha",
                "spam"
            ],
            "time": "2020-03-31T17:50:54+00:00"
        },
        {
            "name": "shoptet/shoptet-wp-common",
            "version": "1.4.0",
            "source": {
                "type": "git",
                "url": "https://github.com/shoptet/shoptet-wp-common.git",
                "reference": "484f2f8f1954ad937acdc078c73622f4796e55c7"
            },
            "dist": {
                "type": "zip",
                "url": "https://api.github.com/repos/shoptet/shoptet-wp-common/zipball/484f2f8f1954ad937acdc078c73622f4796e55c7",
                "reference": "484f2f8f1954ad937acdc078c73622f4796e55c7",
                "shasum": ""
            },
            "type": "library",
            "autoload": {
                "psr-4": {
                    "Shoptet\\": "src/"
                }
            },
            "support": {
                "source": "https://github.com/shoptet/shoptet-wp-common/tree/1.4.0",
                "issues": "https://github.com/shoptet/shoptet-wp-common/issues"
            },
            "time": "2020-12-10T15:21:32+00:00"
        }
    ],
    "packages-dev": [],
    "aliases": [],
    "minimum-stability": "stable",
    "stability-flags": [],
    "prefer-stable": false,
    "prefer-lowest": false,
    "platform": [],
    "platform-dev": []
}
